// !$*UTF8*$!
{
	archiveVersion = 1;
	classes = {
	};
	objectVersion = 56;
	objects = {

/* Begin PBXBuildFile section */
		72C76EE72AE0B1E1000E26CF /* PetsApp.swift in Sources */ = {isa = PBXBuildFile; fileRef = 72C76EE62AE0B1E1000E26CF /* PetsApp.swift */; };
		72C76EE92AE0B1E1000E26CF /* ContentView.swift in Sources */ = {isa = PBXBuildFile; fileRef = 72C76EE82AE0B1E1000E26CF /* ContentView.swift */; };
		72C76EEB2AE0B1E3000E26CF /* Assets.xcassets in Resources */ = {isa = PBXBuildFile; fileRef = 72C76EEA2AE0B1E3000E26CF /* Assets.xcassets */; };
		72C76EEE2AE0B1E3000E26CF /* Preview Assets.xcassets in Resources */ = {isa = PBXBuildFile; fileRef = 72C76EED2AE0B1E3000E26CF /* Preview Assets.xcassets */; };
		72C76EF82AE0B4EC000E26CF /* WebService.swift in Sources */ = {isa = PBXBuildFile; fileRef = 72C76EF72AE0B4EC000E26CF /* WebService.swift */; };
		72C76EFB2AE0B583000E26CF /* Constants.swift in Sources */ = {isa = PBXBuildFile; fileRef = 72C76EFA2AE0B583000E26CF /* Constants.swift */; };
		72C76EFF2AE14534000E26CF /* ScreenModel.swift in Sources */ = {isa = PBXBuildFile; fileRef = 72C76EFE2AE14534000E26CF /* ScreenModel.swift */; };
		72C76F022AE148E8000E26CF /* UIComponent.swift in Sources */ = {isa = PBXBuildFile; fileRef = 72C76F012AE148E8000E26CF /* UIComponent.swift */; };
		72C76F042AE149AF000E26CF /* FeaturedImageComponent.swift in Sources */ = {isa = PBXBuildFile; fileRef = 72C76F032AE149AF000E26CF /* FeaturedImageComponent.swift */; };
		72C76F062AE14B30000E26CF /* FeaturedImageUIModel.swift in Sources */ = {isa = PBXBuildFile; fileRef = 72C76F052AE14B30000E26CF /* FeaturedImageUIModel.swift */; };
		72C76F092AE14D32000E26CF /* View+Extensions.swift in Sources */ = {isa = PBXBuildFile; fileRef = 72C76F082AE14D32000E26CF /* View+Extensions.swift */; };
		72C76F0C2AE152DB000E26CF /* PetListViewModel.swift in Sources */ = {isa = PBXBuildFile; fileRef = 72C76F0B2AE152DB000E26CF /* PetListViewModel.swift */; };
		72C76F0E2AE15707000E26CF /* Dictionary+Extensions.swift in Sources */ = {isa = PBXBuildFile; fileRef = 72C76F0D2AE15707000E26CF /* Dictionary+Extensions.swift */; };
		72C76F102AE1D936000E26CF /* pet-listing.json in Resources */ = {isa = PBXBuildFile; fileRef = 72C76F0F2AE1D936000E26CF /* pet-listing.json */; };
		72C76F122AE1DA38000E26CF /* LocalService.swift in Sources */ = {isa = PBXBuildFile; fileRef = 72C76F112AE1DA38000E26CF /* LocalService.swift */; };
		72C76F142AE1DA9E000E26CF /* NetworkService.swift in Sources */ = {isa = PBXBuildFile; fileRef = 72C76F132AE1DA9E000E26CF /* NetworkService.swift */; };
		72C76F162AE2ACD8000E26CF /* JSON.swift in Sources */ = {isa = PBXBuildFile; fileRef = 72C76F152AE2ACD8000E26CF /* JSON.swift */; };
		72C76F182AE2B636000E26CF /* CarouselUIModel.swift in Sources */ = {isa = PBXBuildFile; fileRef = 72C76F172AE2B636000E26CF /* CarouselUIModel.swift */; };
		72C76F1A2AE2B6B6000E26CF /* CarouselComponent.swift in Sources */ = {isa = PBXBuildFile; fileRef = 72C76F192AE2B6B6000E26CF /* CarouselComponent.swift */; };
		72C76F1C2AE2B7DD000E26CF /* CarouselView.swift in Sources */ = {isa = PBXBuildFile; fileRef = 72C76F1B2AE2B7DD000E26CF /* CarouselView.swift */; };
		72C76F1E2AE2BE37000E26CF /* FeaturedImageView.swift in Sources */ = {isa = PBXBuildFile; fileRef = 72C76F1D2AE2BE37000E26CF /* FeaturedImageView.swift */; };
/* End PBXBuildFile section */

/* Begin PBXFileReference section */
		72C76EE32AE0B1E1000E26CF /* Pets.app */ = {isa = PBXFileReference; explicitFileType = wrapper.application; includeInIndex = 0; path = Pets.app; sourceTree = BUILT_PRODUCTS_DIR; };
		72C76EE62AE0B1E1000E26CF /* PetsApp.swift */ = {isa = PBXFileReference; lastKnownFileType = sourcecode.swift; path = PetsApp.swift; sourceTree = "<group>"; };
		72C76EE82AE0B1E1000E26CF /* ContentView.swift */ = {isa = PBXFileReference; lastKnownFileType = sourcecode.swift; path = ContentView.swift; sourceTree = "<group>"; };
		72C76EEA2AE0B1E3000E26CF /* Assets.xcassets */ = {isa = PBXFileReference; lastKnownFileType = folder.assetcatalog; path = Assets.xcassets; sourceTree = "<group>"; };
		72C76EED2AE0B1E3000E26CF /* Preview Assets.xcassets */ = {isa = PBXFileReference; lastKnownFileType = folder.assetcatalog; path = "Preview Assets.xcassets"; sourceTree = "<group>"; };
		72C76EF72AE0B4EC000E26CF /* WebService.swift */ = {isa = PBXFileReference; lastKnownFileType = sourcecode.swift; path = WebService.swift; sourceTree = "<group>"; };
		72C76EFA2AE0B583000E26CF /* Constants.swift */ = {isa = PBXFileReference; lastKnownFileType = sourcecode.swift; path = Constants.swift; sourceTree = "<group>"; };
		72C76EFE2AE14534000E26CF /* ScreenModel.swift */ = {isa = PBXFileReference; lastKnownFileType = sourcecode.swift; path = ScreenModel.swift; sourceTree = "<group>"; };
		72C76F012AE148E8000E26CF /* UIComponent.swift */ = {isa = PBXFileReference; lastKnownFileType = sourcecode.swift; path = UIComponent.swift; sourceTree = "<group>"; };
		72C76F032AE149AF000E26CF /* FeaturedImageComponent.swift */ = {isa = PBXFileReference; lastKnownFileType = sourcecode.swift; path = FeaturedImageComponent.swift; sourceTree = "<group>"; };
		72C76F052AE14B30000E26CF /* FeaturedImageUIModel.swift */ = {isa = PBXFileReference; lastKnownFileType = sourcecode.swift; path = FeaturedImageUIModel.swift; sourceTree = "<group>"; };
		72C76F082AE14D32000E26CF /* View+Extensions.swift */ = {isa = PBXFileReference; lastKnownFileType = sourcecode.swift; path = "View+Extensions.swift"; sourceTree = "<group>"; };
		72C76F0B2AE152DB000E26CF /* PetListViewModel.swift */ = {isa = PBXFileReference; lastKnownFileType = sourcecode.swift; path = PetListViewModel.swift; sourceTree = "<group>"; };
		72C76F0D2AE15707000E26CF /* Dictionary+Extensions.swift */ = {isa = PBXFileReference; lastKnownFileType = sourcecode.swift; path = "Dictionary+Extensions.swift"; sourceTree = "<group>"; };
		72C76F0F2AE1D936000E26CF /* pet-listing.json */ = {isa = PBXFileReference; lastKnownFileType = text.json; path = "pet-listing.json"; sourceTree = "<group>"; };
		72C76F112AE1DA38000E26CF /* LocalService.swift */ = {isa = PBXFileReference; lastKnownFileType = sourcecode.swift; path = LocalService.swift; sourceTree = "<group>"; };
		72C76F132AE1DA9E000E26CF /* NetworkService.swift */ = {isa = PBXFileReference; lastKnownFileType = sourcecode.swift; path = NetworkService.swift; sourceTree = "<group>"; };
		72C76F152AE2ACD8000E26CF /* JSON.swift */ = {isa = PBXFileReference; lastKnownFileType = sourcecode.swift; path = JSON.swift; sourceTree = "<group>"; };
		72C76F172AE2B636000E26CF /* CarouselUIModel.swift */ = {isa = PBXFileReference; lastKnownFileType = sourcecode.swift; path = CarouselUIModel.swift; sourceTree = "<group>"; };
		72C76F192AE2B6B6000E26CF /* CarouselComponent.swift */ = {isa = PBXFileReference; lastKnownFileType = sourcecode.swift; path = CarouselComponent.swift; sourceTree = "<group>"; };
		72C76F1B2AE2B7DD000E26CF /* CarouselView.swift */ = {isa = PBXFileReference; lastKnownFileType = sourcecode.swift; path = CarouselView.swift; sourceTree = "<group>"; };
		72C76F1D2AE2BE37000E26CF /* FeaturedImageView.swift */ = {isa = PBXFileReference; lastKnownFileType = sourcecode.swift; path = FeaturedImageView.swift; sourceTree = "<group>"; };
/* End PBXFileReference section */

/* Begin PBXFrameworksBuildPhase section */
		72C76EE02AE0B1E1000E26CF /* Frameworks */ = {
			isa = PBXFrameworksBuildPhase;
			buildActionMask = 2147483647;
			files = (
			);
			runOnlyForDeploymentPostprocessing = 0;
		};
/* End PBXFrameworksBuildPhase section */

/* Begin PBXGroup section */
		72C76EDA2AE0B1E0000E26CF = {
			isa = PBXGroup;
			children = (
				72C76EE52AE0B1E1000E26CF /* Pets */,
				72C76EE42AE0B1E1000E26CF /* Products */,
			);
			sourceTree = "<group>";
		};
		72C76EE42AE0B1E1000E26CF /* Products */ = {
			isa = PBXGroup;
			children = (
				72C76EE32AE0B1E1000E26CF /* Pets.app */,
			);
			name = Products;
			sourceTree = "<group>";
		};
		72C76EE52AE0B1E1000E26CF /* Pets */ = {
			isa = PBXGroup;
			children = (
				72C76EF42AE0B486000E26CF /* App */,
				72C76EEA2AE0B1E3000E26CF /* Assets.xcassets */,
				72C76F072AE14D01000E26CF /* Extensions */,
				72C76EFC2AE14508000E26CF /* Models */,
				72C76EEC2AE0B1E3000E26CF /* Preview Content */,
				72C76EF62AE0B4CD000E26CF /* Services */,
				72C76EF92AE0B56A000E26CF /* Utils */,
				72C76F0A2AE152B7000E26CF /* ViewModels */,
				72C76EF52AE0B48B000E26CF /* Views */,
				72C76F0F2AE1D936000E26CF /* pet-listing.json */,
			);
			path = Pets;
			sourceTree = "<group>";
		};
		72C76EEC2AE0B1E3000E26CF /* Preview Content */ = {
			isa = PBXGroup;
			children = (
				72C76EED2AE0B1E3000E26CF /* Preview Assets.xcassets */,
			);
			path = "Preview Content";
			sourceTree = "<group>";
		};
		72C76EF42AE0B486000E26CF /* App */ = {
			isa = PBXGroup;
			children = (
				72C76EE62AE0B1E1000E26CF /* PetsApp.swift */,
			);
			path = App;
			sourceTree = "<group>";
		};
		72C76EF52AE0B48B000E26CF /* Views */ = {
			isa = PBXGroup;
			children = (
				72C76EE82AE0B1E1000E26CF /* ContentView.swift */,
				72C76F1B2AE2B7DD000E26CF /* CarouselView.swift */,
				72C76F1D2AE2BE37000E26CF /* FeaturedImageView.swift */,
			);
			path = Views;
			sourceTree = "<group>";
		};
		72C76EF62AE0B4CD000E26CF /* Services */ = {
			isa = PBXGroup;
			children = (
				72C76F112AE1DA38000E26CF /* LocalService.swift */,
				72C76F132AE1DA9E000E26CF /* NetworkService.swift */,
				72C76EF72AE0B4EC000E26CF /* WebService.swift */,
			);
			path = Services;
			sourceTree = "<group>";
		};
		72C76EF92AE0B56A000E26CF /* Utils */ = {
			isa = PBXGroup;
			children = (
				72C76EFA2AE0B583000E26CF /* Constants.swift */,
			);
			path = Utils;
			sourceTree = "<group>";
		};
		72C76EFC2AE14508000E26CF /* Models */ = {
			isa = PBXGroup;
			children = (
				72C76F002AE148CB000E26CF /* Components */,
				72C76EFD2AE1450F000E26CF /* UIModels */,
			);
			path = Models;
			sourceTree = "<group>";
		};
		72C76EFD2AE1450F000E26CF /* UIModels */ = {
			isa = PBXGroup;
			children = (
				72C76F172AE2B636000E26CF /* CarouselUIModel.swift */,
				72C76F052AE14B30000E26CF /* FeaturedImageUIModel.swift */,
				72C76F152AE2ACD8000E26CF /* JSON.swift */,
				72C76EFE2AE14534000E26CF /* ScreenModel.swift */,
			);
			path = UIModels;
			sourceTree = "<group>";
		};
		72C76F002AE148CB000E26CF /* Components */ = {
			isa = PBXGroup;
			children = (
				72C76F192AE2B6B6000E26CF /* CarouselComponent.swift */,
				72C76F032AE149AF000E26CF /* FeaturedImageComponent.swift */,
				72C76F012AE148E8000E26CF /* UIComponent.swift */,
			);
			path = Components;
			sourceTree = "<group>";
		};
		72C76F072AE14D01000E26CF /* Extensions */ = {
			isa = PBXGroup;
			children = (
				72C76F0D2AE15707000E26CF /* Dictionary+Extensions.swift */,
				72C76F082AE14D32000E26CF /* View+Extensions.swift */,
			);
			path = Extensions;
			sourceTree = "<group>";
		};
		72C76F0A2AE152B7000E26CF /* ViewModels */ = {
			isa = PBXGroup;
			children = (
				72C76F0B2AE152DB000E26CF /* PetListViewModel.swift */,
			);
			path = ViewModels;
			sourceTree = "<group>";
		};
/* End PBXGroup section */

/* Begin PBXNativeTarget section */
		72C76EE22AE0B1E1000E26CF /* Pets */ = {
			isa = PBXNativeTarget;
			buildConfigurationList = 72C76EF12AE0B1E3000E26CF /* Build configuration list for PBXNativeTarget "Pets" */;
			buildPhases = (
				72C76EDF2AE0B1E1000E26CF /* Sources */,
				72C76EE02AE0B1E1000E26CF /* Frameworks */,
				72C76EE12AE0B1E1000E26CF /* Resources */,
			);
			buildRules = (
			);
			dependencies = (
			);
			name = Pets;
			productName = Pets;
			productReference = 72C76EE32AE0B1E1000E26CF /* Pets.app */;
			productType = "com.apple.product-type.application";
		};
/* End PBXNativeTarget section */

/* Begin PBXProject section */
		72C76EDB2AE0B1E0000E26CF /* Project object */ = {
			isa = PBXProject;
			attributes = {
				BuildIndependentTargetsInParallel = 1;
				LastSwiftUpdateCheck = 1500;
				LastUpgradeCheck = 1500;
				TargetAttributes = {
					72C76EE22AE0B1E1000E26CF = {
						CreatedOnToolsVersion = 15.0;
					};
				};
			};
			buildConfigurationList = 72C76EDE2AE0B1E0000E26CF /* Build configuration list for PBXProject "Pets" */;
			compatibilityVersion = "Xcode 14.0";
			developmentRegion = en;
			hasScannedForEncodings = 0;
			knownRegions = (
				en,
				Base,
			);
			mainGroup = 72C76EDA2AE0B1E0000E26CF;
			productRefGroup = 72C76EE42AE0B1E1000E26CF /* Products */;
			projectDirPath = "";
			projectRoot = "";
			targets = (
				72C76EE22AE0B1E1000E26CF /* Pets */,
			);
		};
/* End PBXProject section */

/* Begin PBXResourcesBuildPhase section */
		72C76EE12AE0B1E1000E26CF /* Resources */ = {
			isa = PBXResourcesBuildPhase;
			buildActionMask = 2147483647;
			files = (
				72C76EEE2AE0B1E3000E26CF /* Preview Assets.xcassets in Resources */,
				72C76F102AE1D936000E26CF /* pet-listing.json in Resources */,
				72C76EEB2AE0B1E3000E26CF /* Assets.xcassets in Resources */,
			);
			runOnlyForDeploymentPostprocessing = 0;
		};
/* End PBXResourcesBuildPhase section */

/* Begin PBXSourcesBuildPhase section */
		72C76EDF2AE0B1E1000E26CF /* Sources */ = {
			isa = PBXSourcesBuildPhase;
			buildActionMask = 2147483647;
			files = (
				72C76EF82AE0B4EC000E26CF /* WebService.swift in Sources */,
				72C76F162AE2ACD8000E26CF /* JSON.swift in Sources */,
				72C76F092AE14D32000E26CF /* View+Extensions.swift in Sources */,
				72C76F1A2AE2B6B6000E26CF /* CarouselComponent.swift in Sources */,
				72C76F022AE148E8000E26CF /* UIComponent.swift in Sources */,
				72C76F042AE149AF000E26CF /* FeaturedImageComponent.swift in Sources */,
				72C76F0C2AE152DB000E26CF /* PetListViewModel.swift in Sources */,
				72C76F1C2AE2B7DD000E26CF /* CarouselView.swift in Sources */,
				72C76F122AE1DA38000E26CF /* LocalService.swift in Sources */,
				72C76EFF2AE14534000E26CF /* ScreenModel.swift in Sources */,
				72C76EE92AE0B1E1000E26CF /* ContentView.swift in Sources */,
				72C76F182AE2B636000E26CF /* CarouselUIModel.swift in Sources */,
				72C76F1E2AE2BE37000E26CF /* FeaturedImageView.swift in Sources */,
				72C76EE72AE0B1E1000E26CF /* PetsApp.swift in Sources */,
				72C76EFB2AE0B583000E26CF /* Constants.swift in Sources */,
				72C76F062AE14B30000E26CF /* FeaturedImageUIModel.swift in Sources */,
				72C76F142AE1DA9E000E26CF /* NetworkService.swift in Sources */,
				72C76F0E2AE15707000E26CF /* Dictionary+Extensions.swift in Sources */,
			);
			runOnlyForDeploymentPostprocessing = 0;
		};
/* End PBXSourcesBuildPhase section */

/* Begin XCBuildConfiguration section */
		72C76EEF2AE0B1E3000E26CF /* Debug */ = {
			isa = XCBuildConfiguration;
			buildSettings = {
				ALWAYS_SEARCH_USER_PATHS = NO;
				ASSETCATALOG_COMPILER_GENERATE_SWIFT_ASSET_SYMBOL_EXTENSIONS = YES;
				CLANG_ANALYZER_NONNULL = YES;
				CLANG_ANALYZER_NUMBER_OBJECT_CONVERSION = YES_AGGRESSIVE;
				CLANG_CXX_LANGUAGE_STANDARD = "gnu++20";
				CLANG_ENABLE_MODULES = YES;
				CLANG_ENABLE_OBJC_ARC = YES;
				CLANG_ENABLE_OBJC_WEAK = YES;
				CLANG_WARN_BLOCK_CAPTURE_AUTORELEASING = YES;
				CLANG_WARN_BOOL_CONVERSION = YES;
				CLANG_WARN_COMMA = YES;
				CLANG_WARN_CONSTANT_CONVERSION = YES;
				CLANG_WARN_DEPRECATED_OBJC_IMPLEMENTATIONS = YES;
				CLANG_WARN_DIRECT_OBJC_ISA_USAGE = YES_ERROR;
				CLANG_WARN_DOCUMENTATION_COMMENTS = YES;
				CLANG_WARN_EMPTY_BODY = YES;
				CLANG_WARN_ENUM_CONVERSION = YES;
				CLANG_WARN_INFINITE_RECURSION = YES;
				CLANG_WARN_INT_CONVERSION = YES;
				CLANG_WARN_NON_LITERAL_NULL_CONVERSION = YES;
				CLANG_WARN_OBJC_IMPLICIT_RETAIN_SELF = YES;
				CLANG_WARN_OBJC_LITERAL_CONVERSION = YES;
				CLANG_WARN_OBJC_ROOT_CLASS = YES_ERROR;
				CLANG_WARN_QUOTED_INCLUDE_IN_FRAMEWORK_HEADER = YES;
				CLANG_WARN_RANGE_LOOP_ANALYSIS = YES;
				CLANG_WARN_STRICT_PROTOTYPES = YES;
				CLANG_WARN_SUSPICIOUS_MOVE = YES;
				CLANG_WARN_UNGUARDED_AVAILABILITY = YES_AGGRESSIVE;
				CLANG_WARN_UNREACHABLE_CODE = YES;
				CLANG_WARN__DUPLICATE_METHOD_MATCH = YES;
				COPY_PHASE_STRIP = NO;
				DEBUG_INFORMATION_FORMAT = dwarf;
				ENABLE_STRICT_OBJC_MSGSEND = YES;
				ENABLE_TESTABILITY = YES;
				ENABLE_USER_SCRIPT_SANDBOXING = YES;
				GCC_C_LANGUAGE_STANDARD = gnu17;
				GCC_DYNAMIC_NO_PIC = NO;
				GCC_NO_COMMON_BLOCKS = YES;
				GCC_OPTIMIZATION_LEVEL = 0;
				GCC_PREPROCESSOR_DEFINITIONS = (
					"DEBUG=1",
					"$(inherited)",
				);
				GCC_WARN_64_TO_32_BIT_CONVERSION = YES;
				GCC_WARN_ABOUT_RETURN_TYPE = YES_ERROR;
				GCC_WARN_UNDECLARED_SELECTOR = YES;
				GCC_WARN_UNINITIALIZED_AUTOS = YES_AGGRESSIVE;
				GCC_WARN_UNUSED_FUNCTION = YES;
				GCC_WARN_UNUSED_VARIABLE = YES;
				IPHONEOS_DEPLOYMENT_TARGET = 17.0;
				LOCALIZATION_PREFERS_STRING_CATALOGS = YES;
				MTL_ENABLE_DEBUG_INFO = INCLUDE_SOURCE;
				MTL_FAST_MATH = YES;
				ONLY_ACTIVE_ARCH = YES;
				SDKROOT = iphoneos;
				SWIFT_ACTIVE_COMPILATION_CONDITIONS = "DEBUG $(inherited)";
				SWIFT_OPTIMIZATION_LEVEL = "-Onone";
			};
			name = Debug;
		};
		72C76EF02AE0B1E3000E26CF /* Release */ = {
			isa = XCBuildConfiguration;
			buildSettings = {
				ALWAYS_SEARCH_USER_PATHS = NO;
				ASSETCATALOG_COMPILER_GENERATE_SWIFT_ASSET_SYMBOL_EXTENSIONS = YES;
				CLANG_ANALYZER_NONNULL = YES;
				CLANG_ANALYZER_NUMBER_OBJECT_CONVERSION = YES_AGGRESSIVE;
				CLANG_CXX_LANGUAGE_STANDARD = "gnu++20";
				CLANG_ENABLE_MODULES = YES;
				CLANG_ENABLE_OBJC_ARC = YES;
				CLANG_ENABLE_OBJC_WEAK = YES;
				CLANG_WARN_BLOCK_CAPTURE_AUTORELEASING = YES;
				CLANG_WARN_BOOL_CONVERSION = YES;
				CLANG_WARN_COMMA = YES;
				CLANG_WARN_CONSTANT_CONVERSION = YES;
				CLANG_WARN_DEPRECATED_OBJC_IMPLEMENTATIONS = YES;
				CLANG_WARN_DIRECT_OBJC_ISA_USAGE = YES_ERROR;
				CLANG_WARN_DOCUMENTATION_COMMENTS = YES;
				CLANG_WARN_EMPTY_BODY = YES;
				CLANG_WARN_ENUM_CONVERSION = YES;
				CLANG_WARN_INFINITE_RECURSION = YES;
				CLANG_WARN_INT_CONVERSION = YES;
				CLANG_WARN_NON_LITERAL_NULL_CONVERSION = YES;
				CLANG_WARN_OBJC_IMPLICIT_RETAIN_SELF = YES;
				CLANG_WARN_OBJC_LITERAL_CONVERSION = YES;
				CLANG_WARN_OBJC_ROOT_CLASS = YES_ERROR;
				CLANG_WARN_QUOTED_INCLUDE_IN_FRAMEWORK_HEADER = YES;
				CLANG_WARN_RANGE_LOOP_ANALYSIS = YES;
				CLANG_WARN_STRICT_PROTOTYPES = YES;
				CLANG_WARN_SUSPICIOUS_MOVE = YES;
				CLANG_WARN_UNGUARDED_AVAILABILITY = YES_AGGRESSIVE;
				CLANG_WARN_UNREACHABLE_CODE = YES;
				CLANG_WARN__DUPLICATE_METHOD_MATCH = YES;
				COPY_PHASE_STRIP = NO;
				DEBUG_INFORMATION_FORMAT = "dwarf-with-dsym";
				ENABLE_NS_ASSERTIONS = NO;
				ENABLE_STRICT_OBJC_MSGSEND = YES;
				ENABLE_USER_SCRIPT_SANDBOXING = YES;
				GCC_C_LANGUAGE_STANDARD = gnu17;
				GCC_NO_COMMON_BLOCKS = YES;
				GCC_WARN_64_TO_32_BIT_CONVERSION = YES;
				GCC_WARN_ABOUT_RETURN_TYPE = YES_ERROR;
				GCC_WARN_UNDECLARED_SELECTOR = YES;
				GCC_WARN_UNINITIALIZED_AUTOS = YES_AGGRESSIVE;
				GCC_WARN_UNUSED_FUNCTION = YES;
				GCC_WARN_UNUSED_VARIABLE = YES;
				IPHONEOS_DEPLOYMENT_TARGET = 17.0;
				LOCALIZATION_PREFERS_STRING_CATALOGS = YES;
				MTL_ENABLE_DEBUG_INFO = NO;
				MTL_FAST_MATH = YES;
				SDKROOT = iphoneos;
				SWIFT_COMPILATION_MODE = wholemodule;
				VALIDATE_PRODUCT = YES;
			};
			name = Release;
		};
		72C76EF22AE0B1E3000E26CF /* Debug */ = {
			isa = XCBuildConfiguration;
			buildSettings = {
				ASSETCATALOG_COMPILER_APPICON_NAME = AppIcon;
				ASSETCATALOG_COMPILER_GLOBAL_ACCENT_COLOR_NAME = AccentColor;
				CODE_SIGN_STYLE = Automatic;
				CURRENT_PROJECT_VERSION = 1;
				DEVELOPMENT_ASSET_PATHS = "\"Pets/Preview Content\"";
				DEVELOPMENT_TEAM = WY9AX8R5R2;
				ENABLE_PREVIEWS = YES;
				GENERATE_INFOPLIST_FILE = YES;
				INFOPLIST_KEY_UIApplicationSceneManifest_Generation = YES;
				INFOPLIST_KEY_UIApplicationSupportsIndirectInputEvents = YES;
				INFOPLIST_KEY_UILaunchScreen_Generation = YES;
				INFOPLIST_KEY_UISupportedInterfaceOrientations_iPad = "UIInterfaceOrientationPortrait UIInterfaceOrientationPortraitUpsideDown UIInterfaceOrientationLandscapeLeft UIInterfaceOrientationLandscapeRight";
				INFOPLIST_KEY_UISupportedInterfaceOrientations_iPhone = "UIInterfaceOrientationPortrait UIInterfaceOrientationLandscapeLeft UIInterfaceOrientationLandscapeRight";
				LD_RUNPATH_SEARCH_PATHS = (
					"$(inherited)",
					"@executable_path/Frameworks",
				);
				MARKETING_VERSION = 1.0;
				PRODUCT_BUNDLE_IDENTIFIER = com.denisefremov.Pets;
				PRODUCT_NAME = "$(TARGET_NAME)";
				SWIFT_EMIT_LOC_STRINGS = YES;
				SWIFT_VERSION = 5.0;
				TARGETED_DEVICE_FAMILY = "1,2";
			};
			name = Debug;
		};
		72C76EF32AE0B1E3000E26CF /* Release */ = {
			isa = XCBuildConfiguration;
			buildSettings = {
				ASSETCATALOG_COMPILER_APPICON_NAME = AppIcon;
				ASSETCATALOG_COMPILER_GLOBAL_ACCENT_COLOR_NAME = AccentColor;
				CODE_SIGN_STYLE = Automatic;
				CURRENT_PROJECT_VERSION = 1;
				DEVELOPMENT_ASSET_PATHS = "\"Pets/Preview Content\"";
				DEVELOPMENT_TEAM = WY9AX8R5R2;
				ENABLE_PREVIEWS = YES;
				GENERATE_INFOPLIST_FILE = YES;
				INFOPLIST_KEY_UIApplicationSceneManifest_Generation = YES;
				INFOPLIST_KEY_UIApplicationSupportsIndirectInputEvents = YES;
				INFOPLIST_KEY_UILaunchScreen_Generation = YES;
				INFOPLIST_KEY_UISupportedInterfaceOrientations_iPad = "UIInterfaceOrientationPortrait UIInterfaceOrientationPortraitUpsideDown UIInterfaceOrientationLandscapeLeft UIInterfaceOrientationLandscapeRight";
				INFOPLIST_KEY_UISupportedInterfaceOrientations_iPhone = "UIInterfaceOrientationPortrait UIInterfaceOrientationLandscapeLeft UIInterfaceOrientationLandscapeRight";
				LD_RUNPATH_SEARCH_PATHS = (
					"$(inherited)",
					"@executable_path/Frameworks",
				);
				MARKETING_VERSION = 1.0;
				PRODUCT_BUNDLE_IDENTIFIER = com.denisefremov.Pets;
				PRODUCT_NAME = "$(TARGET_NAME)";
				SWIFT_EMIT_LOC_STRINGS = YES;
				SWIFT_VERSION = 5.0;
				TARGETED_DEVICE_FAMILY = "1,2";
			};
			name = Release;
		};
/* End XCBuildConfiguration section */

/* Begin XCConfigurationList section */
		72C76EDE2AE0B1E0000E26CF /* Build configuration list for PBXProject "Pets" */ = {
			isa = XCConfigurationList;
			buildConfigurations = (
				72C76EEF2AE0B1E3000E26CF /* Debug */,
				72C76EF02AE0B1E3000E26CF /* Release */,
			);
			defaultConfigurationIsVisible = 0;
			defaultConfigurationName = Release;
		};
		72C76EF12AE0B1E3000E26CF /* Build configuration list for PBXNativeTarget "Pets" */ = {
			isa = XCConfigurationList;
			buildConfigurations = (
				72C76EF22AE0B1E3000E26CF /* Debug */,
				72C76EF32AE0B1E3000E26CF /* Release */,
			);
			defaultConfigurationIsVisible = 0;
			defaultConfigurationName = Release;
		};
/* End XCConfigurationList section */
	};
	rootObject = 72C76EDB2AE0B1E0000E26CF /* Project object */;
}
